// !$*UTF8*$!
{
	archiveVersion = 1;
	classes = {
	};
	objectVersion = 51;
	objects = {

/* Begin PBXBuildFile section */
		4804137526A2B1E6004F5BE0 /* detailsNextMoaiViewController.swift in Sources */ = {isa = PBXBuildFile; fileRef = 4804137426A2B1E6004F5BE0 /* detailsNextMoaiViewController.swift */; };
		4804137C26A7EC2A004F5BE0 /* JudgeUserInMoaiViewController.swift in Sources */ = {isa = PBXBuildFile; fileRef = 4804137B26A7EC2A004F5BE0 /* JudgeUserInMoaiViewController.swift */; };
		4804137F26A7F031004F5BE0 /* JudgeUserInMoai.storyboard in Resources */ = {isa = PBXBuildFile; fileRef = 4804137E26A7F031004F5BE0 /* JudgeUserInMoai.storyboard */; };
		481D2A1126AC63DD007BF229 /* ChangeNextMoaiViewController.swift in Sources */ = {isa = PBXBuildFile; fileRef = 481D2A1026AC63DD007BF229 /* ChangeNextMoaiViewController.swift */; };
		481D2A1426AE7461007BF229 /* DateUtils.swift in Sources */ = {isa = PBXBuildFile; fileRef = 481D2A1326AE7461007BF229 /* DateUtils.swift */; };
		48231783265375F200257189 /* Message.swift in Sources */ = {isa = PBXBuildFile; fileRef = 48231782265375F200257189 /* Message.swift */; };
		482317862653EDFD00257189 /* Login.storyboard in Resources */ = {isa = PBXBuildFile; fileRef = 482317852653EDFD00257189 /* Login.storyboard */; };
		482317892653EF4B00257189 /* LoginViewController.swift in Sources */ = {isa = PBXBuildFile; fileRef = 482317882653EF4B00257189 /* LoginViewController.swift */; };
		4823182F2657FCD100257189 /* GoogleService-Info.plist in Resources */ = {isa = PBXBuildFile; fileRef = 4823182E2657FCD100257189 /* GoogleService-Info.plist */; };
		4823184F2660B65C00257189 /* FirstViewController.swift in Sources */ = {isa = PBXBuildFile; fileRef = 4823184E2660B65B00257189 /* FirstViewController.swift */; };
		483DFB5626BA4D0500BA0CF6 /* standardTabBarController.swift in Sources */ = {isa = PBXBuildFile; fileRef = 483DFB5526BA4D0400BA0CF6 /* standardTabBarController.swift */; };
		483E5D9526B7A3D5001BAD0B /* RecodeMoaiInfo.storyboard in Resources */ = {isa = PBXBuildFile; fileRef = 483E5D9426B7A3D5001BAD0B /* RecodeMoaiInfo.storyboard */; };
		483E5D9826B7A442001BAD0B /* RecodeMoaiInfoViewController.swift in Sources */ = {isa = PBXBuildFile; fileRef = 483E5D9726B7A442001BAD0B /* RecodeMoaiInfoViewController.swift */; };
		483E5D9F26B7E2E8001BAD0B /* ChangeNextMoai.storyboard in Resources */ = {isa = PBXBuildFile; fileRef = 483E5D9E26B7E2E7001BAD0B /* ChangeNextMoai.storyboard */; };
		484388922684F4AD00175415 /* FirstJoinViewController.swift in Sources */ = {isa = PBXBuildFile; fileRef = 484388912684F4AD00175415 /* FirstJoinViewController.swift */; };
		484388952684F6B600175415 /* CreateRoomViewController.swift in Sources */ = {isa = PBXBuildFile; fileRef = 484388942684F6B600175415 /* CreateRoomViewController.swift */; };
		484388982684FF5300175415 /* Management.storyboard in Resources */ = {isa = PBXBuildFile; fileRef = 484388972684FF5300175415 /* Management.storyboard */; };
		484388B42685B59200175415 /* Moai.swift in Sources */ = {isa = PBXBuildFile; fileRef = 484388B32685B59200175415 /* Moai.swift */; };
		484388BA2688C40700175415 /* ManagementViewController.swift in Sources */ = {isa = PBXBuildFile; fileRef = 484388B92688C40600175415 /* ManagementViewController.swift */; };
		48538EE2264ADAB700871BB0 /* User.swift in Sources */ = {isa = PBXBuildFile; fileRef = 48538EE1264ADAB700871BB0 /* User.swift */; };
		48538EE5264B81A600871BB0 /* UserList.storyboard in Resources */ = {isa = PBXBuildFile; fileRef = 48538EE4264B81A600871BB0 /* UserList.storyboard */; };
		48538EE8264B82D400871BB0 /* UserListViewController.swift in Sources */ = {isa = PBXBuildFile; fileRef = 48538EE7264B82D400871BB0 /* UserListViewController.swift */; };
		485838542647E84C00274507 /* ChatRoom.storyboard in Resources */ = {isa = PBXBuildFile; fileRef = 485838532647E84C00274507 /* ChatRoom.storyboard */; };
		485838572647E8BD00274507 /* ChatRoomViewController.swift in Sources */ = {isa = PBXBuildFile; fileRef = 485838562647E8BD00274507 /* ChatRoomViewController.swift */; };
		4858385A2649431900274507 /* ChatRoomTableViewCell.xib in Resources */ = {isa = PBXBuildFile; fileRef = 485838592649431900274507 /* ChatRoomTableViewCell.xib */; };
		4858385E2649474200274507 /* ChatRoomTableViewCell.swift in Sources */ = {isa = PBXBuildFile; fileRef = 4858385D2649474200274507 /* ChatRoomTableViewCell.swift */; };
		4858386126494E1800274507 /* ChatInputAccessoryView.xib in Resources */ = {isa = PBXBuildFile; fileRef = 4858386026494E1800274507 /* ChatInputAccessoryView.xib */; };
		485838652649529A00274507 /* ChatInputAccessoryView.swift in Sources */ = {isa = PBXBuildFile; fileRef = 485838642649529A00274507 /* ChatInputAccessoryView.swift */; };
		48583879264A13BF00274507 /* SignUp.storyboard in Resources */ = {isa = PBXBuildFile; fileRef = 48583878264A13BF00274507 /* SignUp.storyboard */; };
		4858387C264A17A100274507 /* SignUpViewController.swift in Sources */ = {isa = PBXBuildFile; fileRef = 4858387B264A17A100274507 /* SignUpViewController.swift */; };
		485C003226CF865400F25E70 /* standardViewController.swift in Sources */ = {isa = PBXBuildFile; fileRef = 485C003126CF865400F25E70 /* standardViewController.swift */; };
		48ABEA062647E27500B40323 /* UIColorExtension.swift in Sources */ = {isa = PBXBuildFile; fileRef = 48ABEA052647E27500B40323 /* UIColorExtension.swift */; };
		48B8B6A3264F917A00E863A1 /* ChatRoom.swift in Sources */ = {isa = PBXBuildFile; fileRef = 48B8B6A2264F917A00E863A1 /* ChatRoom.swift */; };
		48C608522647828E002D1258 /* AppDelegate.swift in Sources */ = {isa = PBXBuildFile; fileRef = 48C608512647828E002D1258 /* AppDelegate.swift */; };
		48C608542647828E002D1258 /* SceneDelegate.swift in Sources */ = {isa = PBXBuildFile; fileRef = 48C608532647828E002D1258 /* SceneDelegate.swift */; };
		48C6085B26478292002D1258 /* Assets.xcassets in Resources */ = {isa = PBXBuildFile; fileRef = 48C6085A26478292002D1258 /* Assets.xcassets */; };
		48C6085E26478292002D1258 /* LaunchScreen.storyboard in Resources */ = {isa = PBXBuildFile; fileRef = 48C6085C26478292002D1258 /* LaunchScreen.storyboard */; };
		48C60867264782FB002D1258 /* ChatList.storyboard in Resources */ = {isa = PBXBuildFile; fileRef = 48C60866264782FB002D1258 /* ChatList.storyboard */; };
		48C6086F26478495002D1258 /* ChatListViewController.swift in Sources */ = {isa = PBXBuildFile; fileRef = 48C6086E26478495002D1258 /* ChatListViewController.swift */; };
		48CA14CD26BBDBBF00ABA246 /* startButton.json in Resources */ = {isa = PBXBuildFile; fileRef = 48CA14CB26BBDBB900ABA246 /* startButton.json */; };
		48CA14CE26BBDBBF00ABA246 /* loading.json in Resources */ = {isa = PBXBuildFile; fileRef = 48CA14CC26BBDBBF00ABA246 /* loading.json */; };
		48DE010D26830FFF00B4E62E /* Moai.storyboard in Resources */ = {isa = PBXBuildFile; fileRef = 48DE010C26830FFF00B4E62E /* Moai.storyboard */; };
		48DE01112683103C00B4E62E /* MoaiBaseViewController.swift in Sources */ = {isa = PBXBuildFile; fileRef = 48DE01102683103C00B4E62E /* MoaiBaseViewController.swift */; };
		48E088CD26D3111B0072091B /* PastMoai.storyboard in Resources */ = {isa = PBXBuildFile; fileRef = 48E088CC26D3111B0072091B /* PastMoai.storyboard */; };
		48E088D026D31DCC0072091B /* PastMoaiViewController.swift in Sources */ = {isa = PBXBuildFile; fileRef = 48E088CF26D31DCC0072091B /* PastMoaiViewController.swift */; };
		48E7FD5E2690C40600E4FF2B /* MoaiRecord.swift in Sources */ = {isa = PBXBuildFile; fileRef = 48E7FD5D2690C40400E4FF2B /* MoaiRecord.swift */; };
		48ECBCC72697F08B00FA65CC /* MapViewController.swift in Sources */ = {isa = PBXBuildFile; fileRef = 48ECBCC62697F08B00FA65CC /* MapViewController.swift */; };
		48ECBCCC2697F0C200FA65CC /* Map.storyboard in Resources */ = {isa = PBXBuildFile; fileRef = 48ECBCCB2697F0C200FA65CC /* Map.storyboard */; };
		644630A70389C178C564FD9D /* Pods_MoaiApp.framework in Frameworks */ = {isa = PBXBuildFile; fileRef = 4A8621030482798E36D65BDC /* Pods_MoaiApp.framework */; };
/* End PBXBuildFile section */

/* Begin PBXFileReference section */
		0A47746F34EA0457A401A8A8 /* Pods-ChatAppWithFirebase.release.xcconfig */ = {isa = PBXFileReference; includeInIndex = 1; lastKnownFileType = text.xcconfig; name = "Pods-ChatAppWithFirebase.release.xcconfig"; path = "Target Support Files/Pods-ChatAppWithFirebase/Pods-ChatAppWithFirebase.release.xcconfig"; sourceTree = "<group>"; };
		0A6AE2FFFDC414F0EBA617AB /* Pods-MoaiApp.debug.xcconfig */ = {isa = PBXFileReference; includeInIndex = 1; lastKnownFileType = text.xcconfig; name = "Pods-MoaiApp.debug.xcconfig"; path = "Target Support Files/Pods-MoaiApp/Pods-MoaiApp.debug.xcconfig"; sourceTree = "<group>"; };
		4804137426A2B1E6004F5BE0 /* detailsNextMoaiViewController.swift */ = {isa = PBXFileReference; lastKnownFileType = sourcecode.swift; path = detailsNextMoaiViewController.swift; sourceTree = "<group>"; };
		4804137B26A7EC2A004F5BE0 /* JudgeUserInMoaiViewController.swift */ = {isa = PBXFileReference; lastKnownFileType = sourcecode.swift; path = JudgeUserInMoaiViewController.swift; sourceTree = "<group>"; };
		4804137E26A7F031004F5BE0 /* JudgeUserInMoai.storyboard */ = {isa = PBXFileReference; lastKnownFileType = file.storyboard; path = JudgeUserInMoai.storyboard; sourceTree = "<group>"; };
		481D2A1026AC63DD007BF229 /* ChangeNextMoaiViewController.swift */ = {isa = PBXFileReference; lastKnownFileType = sourcecode.swift; path = ChangeNextMoaiViewController.swift; sourceTree = "<group>"; };
		481D2A1326AE7461007BF229 /* DateUtils.swift */ = {isa = PBXFileReference; lastKnownFileType = sourcecode.swift; path = DateUtils.swift; sourceTree = "<group>"; };
		48231782265375F200257189 /* Message.swift */ = {isa = PBXFileReference; lastKnownFileType = sourcecode.swift; path = Message.swift; sourceTree = "<group>"; };
		482317852653EDFD00257189 /* Login.storyboard */ = {isa = PBXFileReference; lastKnownFileType = file.storyboard; path = Login.storyboard; sourceTree = "<group>"; };
		482317882653EF4B00257189 /* LoginViewController.swift */ = {isa = PBXFileReference; lastKnownFileType = sourcecode.swift; path = LoginViewController.swift; sourceTree = "<group>"; };
		4823182E2657FCD100257189 /* GoogleService-Info.plist */ = {isa = PBXFileReference; fileEncoding = 4; lastKnownFileType = text.plist.xml; path = "GoogleService-Info.plist"; sourceTree = "<group>"; };
		4823184E2660B65B00257189 /* FirstViewController.swift */ = {isa = PBXFileReference; lastKnownFileType = sourcecode.swift; path = FirstViewController.swift; sourceTree = "<group>"; };
		483DFB5526BA4D0400BA0CF6 /* standardTabBarController.swift */ = {isa = PBXFileReference; lastKnownFileType = sourcecode.swift; path = standardTabBarController.swift; sourceTree = "<group>"; };
		483E5D9426B7A3D5001BAD0B /* RecodeMoaiInfo.storyboard */ = {isa = PBXFileReference; lastKnownFileType = file.storyboard; path = RecodeMoaiInfo.storyboard; sourceTree = "<group>"; };
		483E5D9726B7A442001BAD0B /* RecodeMoaiInfoViewController.swift */ = {isa = PBXFileReference; lastKnownFileType = sourcecode.swift; path = RecodeMoaiInfoViewController.swift; sourceTree = "<group>"; };
		483E5D9E26B7E2E7001BAD0B /* ChangeNextMoai.storyboard */ = {isa = PBXFileReference; lastKnownFileType = file.storyboard; path = ChangeNextMoai.storyboard; sourceTree = "<group>"; };
		484388912684F4AD00175415 /* FirstJoinViewController.swift */ = {isa = PBXFileReference; lastKnownFileType = sourcecode.swift; path = FirstJoinViewController.swift; sourceTree = "<group>"; };
		484388942684F6B600175415 /* CreateRoomViewController.swift */ = {isa = PBXFileReference; lastKnownFileType = sourcecode.swift; path = CreateRoomViewController.swift; sourceTree = "<group>"; };
		484388972684FF5300175415 /* Management.storyboard */ = {isa = PBXFileReference; lastKnownFileType = file.storyboard; path = Management.storyboard; sourceTree = "<group>"; };
		484388B32685B59200175415 /* Moai.swift */ = {isa = PBXFileReference; lastKnownFileType = sourcecode.swift; path = Moai.swift; sourceTree = "<group>"; };
		484388B92688C40600175415 /* ManagementViewController.swift */ = {isa = PBXFileReference; lastKnownFileType = sourcecode.swift; path = ManagementViewController.swift; sourceTree = "<group>"; };
		48538EE1264ADAB700871BB0 /* User.swift */ = {isa = PBXFileReference; lastKnownFileType = sourcecode.swift; path = User.swift; sourceTree = "<group>"; };
		48538EE4264B81A600871BB0 /* UserList.storyboard */ = {isa = PBXFileReference; lastKnownFileType = file.storyboard; path = UserList.storyboard; sourceTree = "<group>"; };
		48538EE7264B82D400871BB0 /* UserListViewController.swift */ = {isa = PBXFileReference; lastKnownFileType = sourcecode.swift; path = UserListViewController.swift; sourceTree = "<group>"; };
		485838532647E84C00274507 /* ChatRoom.storyboard */ = {isa = PBXFileReference; lastKnownFileType = file.storyboard; path = ChatRoom.storyboard; sourceTree = "<group>"; };
		485838562647E8BD00274507 /* ChatRoomViewController.swift */ = {isa = PBXFileReference; lastKnownFileType = sourcecode.swift; path = ChatRoomViewController.swift; sourceTree = "<group>"; };
		485838592649431900274507 /* ChatRoomTableViewCell.xib */ = {isa = PBXFileReference; lastKnownFileType = file.xib; path = ChatRoomTableViewCell.xib; sourceTree = "<group>"; };
		4858385D2649474200274507 /* ChatRoomTableViewCell.swift */ = {isa = PBXFileReference; lastKnownFileType = sourcecode.swift; path = ChatRoomTableViewCell.swift; sourceTree = "<group>"; };
		4858386026494E1800274507 /* ChatInputAccessoryView.xib */ = {isa = PBXFileReference; lastKnownFileType = file.xib; path = ChatInputAccessoryView.xib; sourceTree = "<group>"; };
		485838642649529A00274507 /* ChatInputAccessoryView.swift */ = {isa = PBXFileReference; lastKnownFileType = sourcecode.swift; path = ChatInputAccessoryView.swift; sourceTree = "<group>"; };
		48583878264A13BF00274507 /* SignUp.storyboard */ = {isa = PBXFileReference; lastKnownFileType = file.storyboard; path = SignUp.storyboard; sourceTree = "<group>"; };
		4858387B264A17A100274507 /* SignUpViewController.swift */ = {isa = PBXFileReference; lastKnownFileType = sourcecode.swift; path = SignUpViewController.swift; sourceTree = "<group>"; };
		485C003126CF865400F25E70 /* standardViewController.swift */ = {isa = PBXFileReference; lastKnownFileType = sourcecode.swift; path = standardViewController.swift; sourceTree = "<group>"; };
		48ABEA052647E27500B40323 /* UIColorExtension.swift */ = {isa = PBXFileReference; lastKnownFileType = sourcecode.swift; path = UIColorExtension.swift; sourceTree = "<group>"; };
		48B8B6A2264F917A00E863A1 /* ChatRoom.swift */ = {isa = PBXFileReference; lastKnownFileType = sourcecode.swift; path = ChatRoom.swift; sourceTree = "<group>"; };
		48C6084E2647828E002D1258 /* MoaiApp.app */ = {isa = PBXFileReference; explicitFileType = wrapper.application; includeInIndex = 0; path = MoaiApp.app; sourceTree = BUILT_PRODUCTS_DIR; };
		48C608512647828E002D1258 /* AppDelegate.swift */ = {isa = PBXFileReference; lastKnownFileType = sourcecode.swift; path = AppDelegate.swift; sourceTree = "<group>"; };
		48C608532647828E002D1258 /* SceneDelegate.swift */ = {isa = PBXFileReference; lastKnownFileType = sourcecode.swift; path = SceneDelegate.swift; sourceTree = "<group>"; };
		48C6085A26478292002D1258 /* Assets.xcassets */ = {isa = PBXFileReference; lastKnownFileType = folder.assetcatalog; path = Assets.xcassets; sourceTree = "<group>"; };
		48C6085D26478292002D1258 /* Base */ = {isa = PBXFileReference; lastKnownFileType = file.storyboard; name = Base; path = Base.lproj/LaunchScreen.storyboard; sourceTree = "<group>"; };
		48C6085F26478292002D1258 /* Info.plist */ = {isa = PBXFileReference; lastKnownFileType = text.plist.xml; path = Info.plist; sourceTree = "<group>"; };
		48C60866264782FB002D1258 /* ChatList.storyboard */ = {isa = PBXFileReference; lastKnownFileType = file.storyboard; path = ChatList.storyboard; sourceTree = "<group>"; };
		48C6086E26478495002D1258 /* ChatListViewController.swift */ = {isa = PBXFileReference; lastKnownFileType = sourcecode.swift; path = ChatListViewController.swift; sourceTree = "<group>"; };
		48CA14CB26BBDBB900ABA246 /* startButton.json */ = {isa = PBXFileReference; fileEncoding = 4; lastKnownFileType = text.json; path = startButton.json; sourceTree = "<group>"; };
		48CA14CC26BBDBBF00ABA246 /* loading.json */ = {isa = PBXFileReference; fileEncoding = 4; lastKnownFileType = text.json; path = loading.json; sourceTree = "<group>"; };
		48DE010C26830FFF00B4E62E /* Moai.storyboard */ = {isa = PBXFileReference; lastKnownFileType = file.storyboard; path = Moai.storyboard; sourceTree = "<group>"; };
		48DE01102683103C00B4E62E /* MoaiBaseViewController.swift */ = {isa = PBXFileReference; lastKnownFileType = sourcecode.swift; path = MoaiBaseViewController.swift; sourceTree = "<group>"; };
		48E088CC26D3111B0072091B /* PastMoai.storyboard */ = {isa = PBXFileReference; lastKnownFileType = file.storyboard; path = PastMoai.storyboard; sourceTree = "<group>"; };
		48E088CF26D31DCC0072091B /* PastMoaiViewController.swift */ = {isa = PBXFileReference; lastKnownFileType = sourcecode.swift; path = PastMoaiViewController.swift; sourceTree = "<group>"; };
		48E7FD5D2690C40400E4FF2B /* MoaiRecord.swift */ = {isa = PBXFileReference; lastKnownFileType = sourcecode.swift; path = MoaiRecord.swift; sourceTree = "<group>"; };
		48ECBCC62697F08B00FA65CC /* MapViewController.swift */ = {isa = PBXFileReference; lastKnownFileType = sourcecode.swift; path = MapViewController.swift; sourceTree = "<group>"; };
		48ECBCCB2697F0C200FA65CC /* Map.storyboard */ = {isa = PBXFileReference; lastKnownFileType = file.storyboard; path = Map.storyboard; sourceTree = "<group>"; };
		4A8621030482798E36D65BDC /* Pods_MoaiApp.framework */ = {isa = PBXFileReference; explicitFileType = wrapper.framework; includeInIndex = 0; path = Pods_MoaiApp.framework; sourceTree = BUILT_PRODUCTS_DIR; };
		5642086F0542BB225CE11B19 /* Pods-MoaiApp.release.xcconfig */ = {isa = PBXFileReference; includeInIndex = 1; lastKnownFileType = text.xcconfig; name = "Pods-MoaiApp.release.xcconfig"; path = "Target Support Files/Pods-MoaiApp/Pods-MoaiApp.release.xcconfig"; sourceTree = "<group>"; };
		6294A8FE5E03C7C4FBE71E61 /* Pods-ChatAppWithFirebase.debug.xcconfig */ = {isa = PBXFileReference; includeInIndex = 1; lastKnownFileType = text.xcconfig; name = "Pods-ChatAppWithFirebase.debug.xcconfig"; path = "Target Support Files/Pods-ChatAppWithFirebase/Pods-ChatAppWithFirebase.debug.xcconfig"; sourceTree = "<group>"; };
/* End PBXFileReference section */

/* Begin PBXFrameworksBuildPhase section */
		48C6084B2647828E002D1258 /* Frameworks */ = {
			isa = PBXFrameworksBuildPhase;
			buildActionMask = 2147483647;
			files = (
				644630A70389C178C564FD9D /* Pods_MoaiApp.framework in Frameworks */,
			);
			runOnlyForDeploymentPostprocessing = 0;
		};
/* End PBXFrameworksBuildPhase section */

/* Begin PBXGroup section */
		4823180D2657F5F400257189 /* Chat */ = {
			isa = PBXGroup;
			children = (
				485838592649431900274507 /* ChatRoomTableViewCell.xib */,
				4858386026494E1800274507 /* ChatInputAccessoryView.xib */,
				485838532647E84C00274507 /* ChatRoom.storyboard */,
				48C60866264782FB002D1258 /* ChatList.storyboard */,
				48538EE4264B81A600871BB0 /* UserList.storyboard */,
			);
			path = Chat;
			sourceTree = "<group>";
		};
		4823180E2657F60900257189 /* Login */ = {
			isa = PBXGroup;
			children = (
				48583878264A13BF00274507 /* SignUp.storyboard */,
				482317852653EDFD00257189 /* Login.storyboard */,
			);
			path = Login;
			sourceTree = "<group>";
		};
		4823180F2657F64600257189 /* Chat */ = {
			isa = PBXGroup;
			children = (
				48C6086E26478495002D1258 /* ChatListViewController.swift */,
				4858385D2649474200274507 /* ChatRoomTableViewCell.swift */,
				485838642649529A00274507 /* ChatInputAccessoryView.swift */,
				485838562647E8BD00274507 /* ChatRoomViewController.swift */,
				48538EE7264B82D400871BB0 /* UserListViewController.swift */,
			);
			path = Chat;
			sourceTree = "<group>";
		};
		482318112657F65C00257189 /* Login */ = {
			isa = PBXGroup;
			children = (
				484388942684F6B600175415 /* CreateRoomViewController.swift */,
				484388912684F4AD00175415 /* FirstJoinViewController.swift */,
				482317882653EF4B00257189 /* LoginViewController.swift */,
				4858387B264A17A100274507 /* SignUpViewController.swift */,
			);
			path = Login;
			sourceTree = "<group>";
		};
		48C608452647828E002D1258 = {
			isa = PBXGroup;
			children = (
				48C608502647828E002D1258 /* MoaiApp */,
				48C6084F2647828E002D1258 /* Products */,
				6C5D5F755E0BE17F21A4DDAB /* Pods */,
				D4D2BDFD81209D20293E4424 /* Frameworks */,
			);
			sourceTree = "<group>";
		};
		48C6084F2647828E002D1258 /* Products */ = {
			isa = PBXGroup;
			children = (
				48C6084E2647828E002D1258 /* MoaiApp.app */,
			);
			name = Products;
			sourceTree = "<group>";
		};
		48C608502647828E002D1258 /* MoaiApp */ = {
			isa = PBXGroup;
			children = (
				48C60871264784B4002D1258 /* Model */,
				48C60872264784C2002D1258 /* View */,
				48C60873264784CA002D1258 /* Controller */,
				48C608512647828E002D1258 /* AppDelegate.swift */,
				48C608532647828E002D1258 /* SceneDelegate.swift */,
				48CA14CC26BBDBBF00ABA246 /* loading.json */,
				48CA14CB26BBDBB900ABA246 /* startButton.json */,
				48C6085F26478292002D1258 /* Info.plist */,
				4823182E2657FCD100257189 /* GoogleService-Info.plist */,
			);
			path = MoaiApp;
			sourceTree = "<group>";
		};
		48C60871264784B4002D1258 /* Model */ = {
			isa = PBXGroup;
			children = (
				48ABEA052647E27500B40323 /* UIColorExtension.swift */,
				48538EE1264ADAB700871BB0 /* User.swift */,
				48B8B6A2264F917A00E863A1 /* ChatRoom.swift */,
				48231782265375F200257189 /* Message.swift */,
				484388B32685B59200175415 /* Moai.swift */,
				48E7FD5D2690C40400E4FF2B /* MoaiRecord.swift */,
				481D2A1326AE7461007BF229 /* DateUtils.swift */,
			);
			path = Model;
			sourceTree = "<group>";
		};
		48C60872264784C2002D1258 /* View */ = {
			isa = PBXGroup;
			children = (
				48ECBCCA2697F0AD00FA65CC /* Map */,
				48DE010B26830F4500B4E62E /* Moai */,
				4823180E2657F60900257189 /* Login */,
				4823180D2657F5F400257189 /* Chat */,
				48C6085C26478292002D1258 /* LaunchScreen.storyboard */,
				48C6085A26478292002D1258 /* Assets.xcassets */,
			);
			path = View;
			sourceTree = "<group>";
		};
		48C60873264784CA002D1258 /* Controller */ = {
			isa = PBXGroup;
			children = (
				48ECBCC52697F06F00FA65CC /* Map */,
				48DE010F2683101A00B4E62E /* Moai */,
				482318112657F65C00257189 /* Login */,
				4823180F2657F64600257189 /* Chat */,
				4823184E2660B65B00257189 /* FirstViewController.swift */,
				483DFB5526BA4D0400BA0CF6 /* standardTabBarController.swift */,
				485C003126CF865400F25E70 /* standardViewController.swift */,
			);
			path = Controller;
			sourceTree = "<group>";
		};
		48DE010B26830F4500B4E62E /* Moai */ = {
			isa = PBXGroup;
			children = (
				48DE010C26830FFF00B4E62E /* Moai.storyboard */,
				484388972684FF5300175415 /* Management.storyboard */,
				4804137E26A7F031004F5BE0 /* JudgeUserInMoai.storyboard */,
				483E5D9426B7A3D5001BAD0B /* RecodeMoaiInfo.storyboard */,
				483E5D9E26B7E2E7001BAD0B /* ChangeNextMoai.storyboard */,
				48E088CC26D3111B0072091B /* PastMoai.storyboard */,
			);
			path = Moai;
			sourceTree = "<group>";
		};
		48DE010F2683101A00B4E62E /* Moai */ = {
			isa = PBXGroup;
			children = (
				48DE01102683103C00B4E62E /* MoaiBaseViewController.swift */,
				484388B92688C40600175415 /* ManagementViewController.swift */,
				4804137426A2B1E6004F5BE0 /* detailsNextMoaiViewController.swift */,
				4804137B26A7EC2A004F5BE0 /* JudgeUserInMoaiViewController.swift */,
				481D2A1026AC63DD007BF229 /* ChangeNextMoaiViewController.swift */,
				483E5D9726B7A442001BAD0B /* RecodeMoaiInfoViewController.swift */,
				48E088CF26D31DCC0072091B /* PastMoaiViewController.swift */,
			);
			path = Moai;
			sourceTree = "<group>";
		};
		48ECBCC52697F06F00FA65CC /* Map */ = {
			isa = PBXGroup;
			children = (
				48ECBCC62697F08B00FA65CC /* MapViewController.swift */,
			);
			path = Map;
			sourceTree = "<group>";
		};
		48ECBCCA2697F0AD00FA65CC /* Map */ = {
			isa = PBXGroup;
			children = (
				48ECBCCB2697F0C200FA65CC /* Map.storyboard */,
			);
			path = Map;
			sourceTree = "<group>";
		};
		6C5D5F755E0BE17F21A4DDAB /* Pods */ = {
			isa = PBXGroup;
			children = (
				6294A8FE5E03C7C4FBE71E61 /* Pods-ChatAppWithFirebase.debug.xcconfig */,
				0A47746F34EA0457A401A8A8 /* Pods-ChatAppWithFirebase.release.xcconfig */,
				0A6AE2FFFDC414F0EBA617AB /* Pods-MoaiApp.debug.xcconfig */,
				5642086F0542BB225CE11B19 /* Pods-MoaiApp.release.xcconfig */,
			);
			path = Pods;
			sourceTree = "<group>";
		};
		D4D2BDFD81209D20293E4424 /* Frameworks */ = {
			isa = PBXGroup;
			children = (
				4A8621030482798E36D65BDC /* Pods_MoaiApp.framework */,
			);
			name = Frameworks;
			sourceTree = "<group>";
		};
/* End PBXGroup section */

/* Begin PBXNativeTarget section */
		48C6084D2647828E002D1258 /* MoaiApp */ = {
			isa = PBXNativeTarget;
			buildConfigurationList = 48C6086226478292002D1258 /* Build configuration list for PBXNativeTarget "MoaiApp" */;
			buildPhases = (
				D84D6F42141D4EFFC04A3B71 /* [CP] Check Pods Manifest.lock */,
				48C6084A2647828E002D1258 /* Sources */,
				48C6084B2647828E002D1258 /* Frameworks */,
				48C6084C2647828E002D1258 /* Resources */,
				AB81935828C39BBC5E3DC52C /* [CP] Embed Pods Frameworks */,
			);
			buildRules = (
			);
			dependencies = (
			);
			name = MoaiApp;
			productName = ChatAppWithFirebase;
			productReference = 48C6084E2647828E002D1258 /* MoaiApp.app */;
			productType = "com.apple.product-type.application";
		};
/* End PBXNativeTarget section */

/* Begin PBXProject section */
		48C608462647828E002D1258 /* Project object */ = {
			isa = PBXProject;
			attributes = {
				LastSwiftUpdateCheck = 1240;
				LastUpgradeCheck = 1240;
				TargetAttributes = {
					48C6084D2647828E002D1258 = {
						CreatedOnToolsVersion = 12.4;
					};
				};
			};
			buildConfigurationList = 48C608492647828E002D1258 /* Build configuration list for PBXProject "MoaiApp" */;
			compatibilityVersion = "Xcode 9.3";
			developmentRegion = en;
			hasScannedForEncodings = 0;
			knownRegions = (
				en,
				Base,
			);
			mainGroup = 48C608452647828E002D1258;
			productRefGroup = 48C6084F2647828E002D1258 /* Products */;
			projectDirPath = "";
			projectRoot = "";
			targets = (
				48C6084D2647828E002D1258 /* MoaiApp */,
			);
		};
/* End PBXProject section */

/* Begin PBXResourcesBuildPhase section */
		48C6084C2647828E002D1258 /* Resources */ = {
			isa = PBXResourcesBuildPhase;
			buildActionMask = 2147483647;
			files = (
				48538EE5264B81A600871BB0 /* UserList.storyboard in Resources */,
				483E5D9F26B7E2E8001BAD0B /* ChangeNextMoai.storyboard in Resources */,
				48ECBCCC2697F0C200FA65CC /* Map.storyboard in Resources */,
				48DE010D26830FFF00B4E62E /* Moai.storyboard in Resources */,
				4858385A2649431900274507 /* ChatRoomTableViewCell.xib in Resources */,
				483E5D9526B7A3D5001BAD0B /* RecodeMoaiInfo.storyboard in Resources */,
				48C6085E26478292002D1258 /* LaunchScreen.storyboard in Resources */,
				48C6085B26478292002D1258 /* Assets.xcassets in Resources */,
				48CA14CD26BBDBBF00ABA246 /* startButton.json in Resources */,
				48C60867264782FB002D1258 /* ChatList.storyboard in Resources */,
				4858386126494E1800274507 /* ChatInputAccessoryView.xib in Resources */,
				48CA14CE26BBDBBF00ABA246 /* loading.json in Resources */,
				485838542647E84C00274507 /* ChatRoom.storyboard in Resources */,
				4804137F26A7F031004F5BE0 /* JudgeUserInMoai.storyboard in Resources */,
				4823182F2657FCD100257189 /* GoogleService-Info.plist in Resources */,
				484388982684FF5300175415 /* Management.storyboard in Resources */,
				48583879264A13BF00274507 /* SignUp.storyboard in Resources */,
				482317862653EDFD00257189 /* Login.storyboard in Resources */,
				48E088CD26D3111B0072091B /* PastMoai.storyboard in Resources */,
			);
			runOnlyForDeploymentPostprocessing = 0;
		};
/* End PBXResourcesBuildPhase section */

/* Begin PBXShellScriptBuildPhase section */
		AB81935828C39BBC5E3DC52C /* [CP] Embed Pods Frameworks */ = {
			isa = PBXShellScriptBuildPhase;
			buildActionMask = 2147483647;
			files = (
			);
			inputFileListPaths = (
				"${PODS_ROOT}/Target Support Files/Pods-MoaiApp/Pods-MoaiApp-frameworks-${CONFIGURATION}-input-files.xcfilelist",
			);
			name = "[CP] Embed Pods Frameworks";
			outputFileListPaths = (
				"${PODS_ROOT}/Target Support Files/Pods-MoaiApp/Pods-MoaiApp-frameworks-${CONFIGURATION}-output-files.xcfilelist",
			);
			runOnlyForDeploymentPostprocessing = 0;
			shellPath = /bin/sh;
			shellScript = "\"${PODS_ROOT}/Target Support Files/Pods-MoaiApp/Pods-MoaiApp-frameworks.sh\"\n";
			showEnvVarsInLog = 0;
		};
		D84D6F42141D4EFFC04A3B71 /* [CP] Check Pods Manifest.lock */ = {
			isa = PBXShellScriptBuildPhase;
			buildActionMask = 2147483647;
			files = (
			);
			inputFileListPaths = (
			);
			inputPaths = (
				"${PODS_PODFILE_DIR_PATH}/Podfile.lock",
				"${PODS_ROOT}/Manifest.lock",
			);
			name = "[CP] Check Pods Manifest.lock";
			outputFileListPaths = (
			);
			outputPaths = (
				"$(DERIVED_FILE_DIR)/Pods-MoaiApp-checkManifestLockResult.txt",
			);
			runOnlyForDeploymentPostprocessing = 0;
			shellPath = /bin/sh;
			shellScript = "diff \"${PODS_PODFILE_DIR_PATH}/Podfile.lock\" \"${PODS_ROOT}/Manifest.lock\" > /dev/null\nif [ $? != 0 ] ; then\n    # print error to STDERR\n    echo \"error: The sandbox is not in sync with the Podfile.lock. Run 'pod install' or update your CocoaPods installation.\" >&2\n    exit 1\nfi\n# This output is used by Xcode 'outputs' to avoid re-running this script phase.\necho \"SUCCESS\" > \"${SCRIPT_OUTPUT_FILE_0}\"\n";
			showEnvVarsInLog = 0;
		};
/* End PBXShellScriptBuildPhase section */

/* Begin PBXSourcesBuildPhase section */
		48C6084A2647828E002D1258 /* Sources */ = {
			isa = PBXSourcesBuildPhase;
			buildActionMask = 2147483647;
			files = (
				48C608522647828E002D1258 /* AppDelegate.swift in Sources */,
				48DE01112683103C00B4E62E /* MoaiBaseViewController.swift in Sources */,
				485C003226CF865400F25E70 /* standardViewController.swift in Sources */,
				485838652649529A00274507 /* ChatInputAccessoryView.swift in Sources */,
				4858387C264A17A100274507 /* SignUpViewController.swift in Sources */,
				48C6086F26478495002D1258 /* ChatListViewController.swift in Sources */,
				485838572647E8BD00274507 /* ChatRoomViewController.swift in Sources */,
				48538EE8264B82D400871BB0 /* UserListViewController.swift in Sources */,
				484388BA2688C40700175415 /* ManagementViewController.swift in Sources */,
				48538EE2264ADAB700871BB0 /* User.swift in Sources */,
				48ECBCC72697F08B00FA65CC /* MapViewController.swift in Sources */,
				484388922684F4AD00175415 /* FirstJoinViewController.swift in Sources */,
				48E088D026D31DCC0072091B /* PastMoaiViewController.swift in Sources */,
				481D2A1126AC63DD007BF229 /* ChangeNextMoaiViewController.swift in Sources */,
				481D2A1426AE7461007BF229 /* DateUtils.swift in Sources */,
				483DFB5626BA4D0500BA0CF6 /* standardTabBarController.swift in Sources */,
				48C608542647828E002D1258 /* SceneDelegate.swift in Sources */,
				4858385E2649474200274507 /* ChatRoomTableViewCell.swift in Sources */,
				48E7FD5E2690C40600E4FF2B /* MoaiRecord.swift in Sources */,
				48231783265375F200257189 /* Message.swift in Sources */,
				48ABEA062647E27500B40323 /* UIColorExtension.swift in Sources */,
				4804137C26A7EC2A004F5BE0 /* JudgeUserInMoaiViewController.swift in Sources */,
				484388952684F6B600175415 /* CreateRoomViewController.swift in Sources */,
				484388B42685B59200175415 /* Moai.swift in Sources */,
				482317892653EF4B00257189 /* LoginViewController.swift in Sources */,
				48B8B6A3264F917A00E863A1 /* ChatRoom.swift in Sources */,
				4823184F2660B65C00257189 /* FirstViewController.swift in Sources */,
				483E5D9826B7A442001BAD0B /* RecodeMoaiInfoViewController.swift in Sources */,
				4804137526A2B1E6004F5BE0 /* detailsNextMoaiViewController.swift in Sources */,
			);
			runOnlyForDeploymentPostprocessing = 0;
		};
/* End PBXSourcesBuildPhase section */

/* Begin PBXVariantGroup section */
		48C6085C26478292002D1258 /* LaunchScreen.storyboard */ = {
			isa = PBXVariantGroup;
			children = (
				48C6085D26478292002D1258 /* Base */,
			);
			name = LaunchScreen.storyboard;
			sourceTree = "<group>";
		};
/* End PBXVariantGroup section */

/* Begin XCBuildConfiguration section */
		48C6086026478292002D1258 /* Debug */ = {
			isa = XCBuildConfiguration;
			buildSettings = {
				ALWAYS_SEARCH_USER_PATHS = NO;
				CLANG_ANALYZER_NONNULL = YES;
				CLANG_ANALYZER_NUMBER_OBJECT_CONVERSION = YES_AGGRESSIVE;
				CLANG_CXX_LANGUAGE_STANDARD = "gnu++14";
				CLANG_CXX_LIBRARY = "libc++";
				CLANG_ENABLE_MODULES = YES;
				CLANG_ENABLE_OBJC_ARC = YES;
				CLANG_ENABLE_OBJC_WEAK = YES;
				CLANG_WARN_BLOCK_CAPTURE_AUTORELEASING = YES;
				CLANG_WARN_BOOL_CONVERSION = YES;
				CLANG_WARN_COMMA = YES;
				CLANG_WARN_CONSTANT_CONVERSION = YES;
				CLANG_WARN_DEPRECATED_OBJC_IMPLEMENTATIONS = YES;
				CLANG_WARN_DIRECT_OBJC_ISA_USAGE = YES_ERROR;
				CLANG_WARN_DOCUMENTATION_COMMENTS = YES;
				CLANG_WARN_EMPTY_BODY = YES;
				CLANG_WARN_ENUM_CONVERSION = YES;
				CLANG_WARN_INFINITE_RECURSION = YES;
				CLANG_WARN_INT_CONVERSION = YES;
				CLANG_WARN_NON_LITERAL_NULL_CONVERSION = YES;
				CLANG_WARN_OBJC_IMPLICIT_RETAIN_SELF = YES;
				CLANG_WARN_OBJC_LITERAL_CONVERSION = YES;
				CLANG_WARN_OBJC_ROOT_CLASS = YES_ERROR;
				CLANG_WARN_QUOTED_INCLUDE_IN_FRAMEWORK_HEADER = YES;
				CLANG_WARN_RANGE_LOOP_ANALYSIS = YES;
				CLANG_WARN_STRICT_PROTOTYPES = YES;
				CLANG_WARN_SUSPICIOUS_MOVE = YES;
				CLANG_WARN_UNGUARDED_AVAILABILITY = YES_AGGRESSIVE;
				CLANG_WARN_UNREACHABLE_CODE = YES;
				CLANG_WARN__DUPLICATE_METHOD_MATCH = YES;
				COPY_PHASE_STRIP = NO;
				DEBUG_INFORMATION_FORMAT = dwarf;
				ENABLE_STRICT_OBJC_MSGSEND = YES;
				ENABLE_TESTABILITY = YES;
				GCC_C_LANGUAGE_STANDARD = gnu11;
				GCC_DYNAMIC_NO_PIC = NO;
				GCC_NO_COMMON_BLOCKS = YES;
				GCC_OPTIMIZATION_LEVEL = 0;
				GCC_PREPROCESSOR_DEFINITIONS = (
					"DEBUG=1",
					"$(inherited)",
				);
				GCC_WARN_64_TO_32_BIT_CONVERSION = YES;
				GCC_WARN_ABOUT_RETURN_TYPE = YES_ERROR;
				GCC_WARN_UNDECLARED_SELECTOR = YES;
				GCC_WARN_UNINITIALIZED_AUTOS = YES_AGGRESSIVE;
				GCC_WARN_UNUSED_FUNCTION = YES;
				GCC_WARN_UNUSED_VARIABLE = YES;
				IPHONEOS_DEPLOYMENT_TARGET = 14.4;
				MTL_ENABLE_DEBUG_INFO = INCLUDE_SOURCE;
				MTL_FAST_MATH = YES;
				ONLY_ACTIVE_ARCH = YES;
				SDKROOT = iphoneos;
				SWIFT_ACTIVE_COMPILATION_CONDITIONS = DEBUG;
				SWIFT_OPTIMIZATION_LEVEL = "-Onone";
			};
			name = Debug;
		};
		48C6086126478292002D1258 /* Release */ = {
			isa = XCBuildConfiguration;
			buildSettings = {
				ALWAYS_SEARCH_USER_PATHS = NO;
				CLANG_ANALYZER_NONNULL = YES;
				CLANG_ANALYZER_NUMBER_OBJECT_CONVERSION = YES_AGGRESSIVE;
				CLANG_CXX_LANGUAGE_STANDARD = "gnu++14";
				CLANG_CXX_LIBRARY = "libc++";
				CLANG_ENABLE_MODULES = YES;
				CLANG_ENABLE_OBJC_ARC = YES;
				CLANG_ENABLE_OBJC_WEAK = YES;
				CLANG_WARN_BLOCK_CAPTURE_AUTORELEASING = YES;
				CLANG_WARN_BOOL_CONVERSION = YES;
				CLANG_WARN_COMMA = YES;
				CLANG_WARN_CONSTANT_CONVERSION = YES;
				CLANG_WARN_DEPRECATED_OBJC_IMPLEMENTATIONS = YES;
				CLANG_WARN_DIRECT_OBJC_ISA_USAGE = YES_ERROR;
				CLANG_WARN_DOCUMENTATION_COMMENTS = YES;
				CLANG_WARN_EMPTY_BODY = YES;
				CLANG_WARN_ENUM_CONVERSION = YES;
				CLANG_WARN_INFINITE_RECURSION = YES;
				CLANG_WARN_INT_CONVERSION = YES;
				CLANG_WARN_NON_LITERAL_NULL_CONVERSION = YES;
				CLANG_WARN_OBJC_IMPLICIT_RETAIN_SELF = YES;
				CLANG_WARN_OBJC_LITERAL_CONVERSION = YES;
				CLANG_WARN_OBJC_ROOT_CLASS = YES_ERROR;
				CLANG_WARN_QUOTED_INCLUDE_IN_FRAMEWORK_HEADER = YES;
				CLANG_WARN_RANGE_LOOP_ANALYSIS = YES;
				CLANG_WARN_STRICT_PROTOTYPES = YES;
				CLANG_WARN_SUSPICIOUS_MOVE = YES;
				CLANG_WARN_UNGUARDED_AVAILABILITY = YES_AGGRESSIVE;
				CLANG_WARN_UNREACHABLE_CODE = YES;
				CLANG_WARN__DUPLICATE_METHOD_MATCH = YES;
				COPY_PHASE_STRIP = NO;
				DEBUG_INFORMATION_FORMAT = "dwarf-with-dsym";
				ENABLE_NS_ASSERTIONS = NO;
				ENABLE_STRICT_OBJC_MSGSEND = YES;
				GCC_C_LANGUAGE_STANDARD = gnu11;
				GCC_NO_COMMON_BLOCKS = YES;
				GCC_WARN_64_TO_32_BIT_CONVERSION = YES;
				GCC_WARN_ABOUT_RETURN_TYPE = YES_ERROR;
				GCC_WARN_UNDECLARED_SELECTOR = YES;
				GCC_WARN_UNINITIALIZED_AUTOS = YES_AGGRESSIVE;
				GCC_WARN_UNUSED_FUNCTION = YES;
				GCC_WARN_UNUSED_VARIABLE = YES;
				IPHONEOS_DEPLOYMENT_TARGET = 14.4;
				MTL_ENABLE_DEBUG_INFO = NO;
				MTL_FAST_MATH = YES;
				SDKROOT = iphoneos;
				SWIFT_COMPILATION_MODE = wholemodule;
				SWIFT_OPTIMIZATION_LEVEL = "-O";
				VALIDATE_PRODUCT = YES;
			};
			name = Release;
		};
		48C6086326478292002D1258 /* Debug */ = {
			isa = XCBuildConfiguration;
			baseConfigurationReference = 0A6AE2FFFDC414F0EBA617AB /* Pods-MoaiApp.debug.xcconfig */;
			buildSettings = {
				ASSETCATALOG_COMPILER_APPICON_NAME = AppIcon;
				ASSETCATALOG_COMPILER_GLOBAL_ACCENT_COLOR_NAME = AccentColor;
				CODE_SIGN_STYLE = Automatic;
				DEVELOPMENT_TEAM = 6UZD7PJLNB;
				INFOPLIST_FILE = MoaiApp/Info.plist;
				LD_RUNPATH_SEARCH_PATHS = (
					"$(inherited)",
					"@executable_path/Frameworks",
				);
				PRODUCT_BUNDLE_IDENTIFIER = com.syuta.MoaiApp;
				PRODUCT_NAME = "$(TARGET_NAME)";
				SWIFT_VERSION = 5.0;
				TARGETED_DEVICE_FAMILY = "1,2";
			};
			name = Debug;
		};
		48C6086426478292002D1258 /* Release */ = {
			isa = XCBuildConfiguration;
			baseConfigurationReference = 5642086F0542BB225CE11B19 /* Pods-MoaiApp.release.xcconfig */;
			buildSettings = {
				ASSETCATALOG_COMPILER_APPICON_NAME = AppIcon;
				ASSETCATALOG_COMPILER_GLOBAL_ACCENT_COLOR_NAME = AccentColor;
				CODE_SIGN_STYLE = Automatic;
				DEVELOPMENT_TEAM = 6UZD7PJLNB;
				INFOPLIST_FILE = MoaiApp/Info.plist;
				LD_RUNPATH_SEARCH_PATHS = (
					"$(inherited)",
					"@executable_path/Frameworks",
				);
				PRODUCT_BUNDLE_IDENTIFIER = com.syuta.MoaiApp;
				PRODUCT_NAME = "$(TARGET_NAME)";
				SWIFT_VERSION = 5.0;
				TARGETED_DEVICE_FAMILY = "1,2";
			};
			name = Release;
		};
/* End XCBuildConfiguration section */

/* Begin XCConfigurationList section */
		48C608492647828E002D1258 /* Build configuration list for PBXProject "MoaiApp" */ = {
			isa = XCConfigurationList;
			buildConfigurations = (
				48C6086026478292002D1258 /* Debug */,
				48C6086126478292002D1258 /* Release */,
			);
			defaultConfigurationIsVisible = 0;
			defaultConfigurationName = Release;
		};
		48C6086226478292002D1258 /* Build configuration list for PBXNativeTarget "MoaiApp" */ = {
			isa = XCConfigurationList;
			buildConfigurations = (
				48C6086326478292002D1258 /* Debug */,
				48C6086426478292002D1258 /* Release */,
			);
			defaultConfigurationIsVisible = 0;
			defaultConfigurationName = Release;
		};
/* End XCConfigurationList section */
	};
	rootObject = 48C608462647828E002D1258 /* Project object */;
}
